
Microsoft Visual Studio Solution File, Format Version 12.00
# Visual Studio Version 17
VisualStudioVersion = 17.6.33712.159
MinimumVisualStudioVersion = 10.0.40219.1
Project("{FAE04EC0-301F-11D3-BF4B-00C04F79EFBC}") = "M2S5-Exercicios", "M2S5-Exercicios\M2S5-Exercicios.csproj", "{A82B0776-0B01-4D68-95DE-6F5DCED55234}"
EndProject
Global
	GlobalSection(SolutionConfigurationPlatforms) = preSolution
		Debug|Any CPU = Debug|Any CPU
		Release|Any CPU = Release|Any CPU
	EndGlobalSection
	GlobalSection(ProjectConfigurationPlatforms) = postSolution
		{A82B0776-0B01-4D68-95DE-6F5DCED55234}.Debug|Any CPU.ActiveCfg = Debug|Any CPU
		{A82B0776-0B01-4D68-95DE-6F5DCED55234}.Debug|Any CPU.Build.0 = Debug|Any CPU
		{A82B0776-0B01-4D68-95DE-6F5DCED55234}.Release|Any CPU.ActiveCfg = Release|Any CPU
		{A82B0776-0B01-4D68-95DE-6F5DCED55234}.Release|Any CPU.Build.0 = Release|Any CPU
	EndGlobalSection
	GlobalSection(SolutionProperties) = preSolution
		HideSolutionNode = FALSE
	EndGlobalSection
	GlobalSection(ExtensibilityGlobals) = postSolution
		SolutionGuid = {C5EE87A7-8AC3-499C-A0D4-9A10622A5ABD}
	EndGlobalSection
EndGlobal
